{
  "originHash" : "fd009491609af128b1b6b869d51b952922c718df944aee90bffb2f266eb000f7",
  "pins" : [
    {
      "identity" : "csl-cs710s",
      "kind" : "remoteSourceControl",
      "location" : "https://github.com/cslrfid/CSL-CS710S",
      "state" : {
        "revision" : "b87a4cedcadf3b708f9a3712a2a586ac063d7b09",
        "version" : "1.13.0"
      }
    }
  ],
  "version" : 3
}
